
Microsoft Visual Studio Solution File, Format Version 12.00
# Visual Studio Version 17
VisualStudioVersion = 17.13.35825.156 d17.13
MinimumVisualStudioVersion = 10.0.40219.1
Project("{FAE04EC0-301F-11D3-BF4B-00C04F79EFBC}") = "MinhaAPI", "MinhaAPI.csproj", "{C281D94E-6B91-4638-BB15-26E09EC1E5BA}"
EndProject
Global
	GlobalSection(SolutionConfigurationPlatforms) = preSolution
		Debug|Any CPU = Debug|Any CPU
		Release|Any CPU = Release|Any CPU
	EndGlobalSection
	GlobalSection(ProjectConfigurationPlatforms) = postSolution
		{C281D94E-6B91-4638-BB15-26E09EC1E5BA}.Debug|Any CPU.ActiveCfg = Debug|Any CPU
		{C281D94E-6B91-4638-BB15-26E09EC1E5BA}.Debug|Any CPU.Build.0 = Debug|Any CPU
		{C281D94E-6B91-4638-BB15-26E09EC1E5BA}.Release|Any CPU.ActiveCfg = Release|Any CPU
		{C281D94E-6B91-4638-BB15-26E09EC1E5BA}.Release|Any CPU.Build.0 = Release|Any CPU
	EndGlobalSection
	GlobalSection(SolutionProperties) = preSolution
		HideSolutionNode = FALSE
	EndGlobalSection
	GlobalSection(ExtensibilityGlobals) = postSolution
		SolutionGuid = {3E322635-2029-4B80-98D7-EBAE46C6070B}
	EndGlobalSection
EndGlobal
